
Microsoft Visual Studio Solution File, Format Version 12.00
# Visual Studio Version 16
VisualStudioVersion = 16.0.30907.101
MinimumVisualStudioVersion = 15.0.26124.0
Project("{2150E333-8FDC-42A3-9474-1A3956D46DE8}") = "src", "src", "{74969C18-06F0-48EB-A75C-DA79A77E47E7}"
EndProject
Project("{9A19103F-16F7-4668-BE54-9A1E7A4F7556}") = "WebAPI", "src\WebAPI\WebAPI.csproj", "{DBED1062-3694-4A4A-830D-FCC565825445}"
EndProject
Project("{2150E333-8FDC-42A3-9474-1A3956D46DE8}") = "test", "test", "{20022A00-BE7E-4F9A-BE8D-C614124C6AB1}"
EndProject
Project("{9A19103F-16F7-4668-BE54-9A1E7A4F7556}") = "WebAPI.Tests", "test\WebAPI.Tests\WebAPI.Tests.csproj", "{F06076CB-A665-4E15-9D67-747B03C77576}"
EndProject
Global
	GlobalSection(SolutionConfigurationPlatforms) = preSolution
		Debug|Any CPU = Debug|Any CPU
		Debug|x64 = Debug|x64
		Debug|x86 = Debug|x86
		Release|Any CPU = Release|Any CPU
		Release|x64 = Release|x64
		Release|x86 = Release|x86
	EndGlobalSection
	GlobalSection(ProjectConfigurationPlatforms) = postSolution
		{DBED1062-3694-4A4A-830D-FCC565825445}.Debug|Any CPU.ActiveCfg = Debug|Any CPU
		{DBED1062-3694-4A4A-830D-FCC565825445}.Debug|Any CPU.Build.0 = Debug|Any CPU
		{DBED1062-3694-4A4A-830D-FCC565825445}.Debug|x64.ActiveCfg = Debug|Any CPU
		{DBED1062-3694-4A4A-830D-FCC565825445}.Debug|x64.Build.0 = Debug|Any CPU
		{DBED1062-3694-4A4A-830D-FCC565825445}.Debug|x86.ActiveCfg = Debug|Any CPU
		{DBED1062-3694-4A4A-830D-FCC565825445}.Debug|x86.Build.0 = Debug|Any CPU
		{DBED1062-3694-4A4A-830D-FCC565825445}.Release|Any CPU.ActiveCfg = Release|Any CPU
		{DBED1062-3694-4A4A-830D-FCC565825445}.Release|Any CPU.Build.0 = Release|Any CPU
		{DBED1062-3694-4A4A-830D-FCC565825445}.Release|x64.ActiveCfg = Release|Any CPU
		{DBED1062-3694-4A4A-830D-FCC565825445}.Release|x64.Build.0 = Release|Any CPU
		{DBED1062-3694-4A4A-830D-FCC565825445}.Release|x86.ActiveCfg = Release|Any CPU
		{DBED1062-3694-4A4A-830D-FCC565825445}.Release|x86.Build.0 = Release|Any CPU
		{F06076CB-A665-4E15-9D67-747B03C77576}.Debug|Any CPU.ActiveCfg = Debug|Any CPU
		{F06076CB-A665-4E15-9D67-747B03C77576}.Debug|Any CPU.Build.0 = Debug|Any CPU
		{F06076CB-A665-4E15-9D67-747B03C77576}.Debug|x64.ActiveCfg = Debug|Any CPU
		{F06076CB-A665-4E15-9D67-747B03C77576}.Debug|x64.Build.0 = Debug|Any CPU
		{F06076CB-A665-4E15-9D67-747B03C77576}.Debug|x86.ActiveCfg = Debug|Any CPU
		{F06076CB-A665-4E15-9D67-747B03C77576}.Debug|x86.Build.0 = Debug|Any CPU
		{F06076CB-A665-4E15-9D67-747B03C77576}.Release|Any CPU.ActiveCfg = Release|Any CPU
		{F06076CB-A665-4E15-9D67-747B03C77576}.Release|Any CPU.Build.0 = Release|Any CPU
		{F06076CB-A665-4E15-9D67-747B03C77576}.Release|x64.ActiveCfg = Release|Any CPU
		{F06076CB-A665-4E15-9D67-747B03C77576}.Release|x64.Build.0 = Release|Any CPU
		{F06076CB-A665-4E15-9D67-747B03C77576}.Release|x86.ActiveCfg = Release|Any CPU
		{F06076CB-A665-4E15-9D67-747B03C77576}.Release|x86.Build.0 = Release|Any CPU
	EndGlobalSection
	GlobalSection(SolutionProperties) = preSolution
		HideSolutionNode = FALSE
	EndGlobalSection
	GlobalSection(NestedProjects) = preSolution
		{DBED1062-3694-4A4A-830D-FCC565825445} = {74969C18-06F0-48EB-A75C-DA79A77E47E7}
		{F06076CB-A665-4E15-9D67-747B03C77576} = {20022A00-BE7E-4F9A-BE8D-C614124C6AB1}
	EndGlobalSection
	GlobalSection(ExtensibilityGlobals) = postSolution
		SolutionGuid = {D196CD46-8E81-4F3E-A545-523C01BD5A13}
	EndGlobalSection
EndGlobal
